
Microsoft Visual Studio Solution File, Format Version 12.00
# Visual Studio Version 17
VisualStudioVersion = 17.4.33110.190
MinimumVisualStudioVersion = 10.0.40219.1
Project("{FAE04EC0-301F-11D3-BF4B-00C04F79EFBC}") = "Nothing", "Nothing.csproj", "{155B2BF5-2F82-412C-B36A-6650914B5CC8}"
EndProject
Global
	GlobalSection(SolutionConfigurationPlatforms) = preSolution
		Debug|Any CPU = Debug|Any CPU
		Release|Any CPU = Release|Any CPU
	EndGlobalSection
	GlobalSection(ProjectConfigurationPlatforms) = postSolution
		{155B2BF5-2F82-412C-B36A-6650914B5CC8}.Debug|Any CPU.ActiveCfg = Debug|Any CPU
		{155B2BF5-2F82-412C-B36A-6650914B5CC8}.Debug|Any CPU.Build.0 = Debug|Any CPU
		{155B2BF5-2F82-412C-B36A-6650914B5CC8}.Release|Any CPU.ActiveCfg = Release|Any CPU
		{155B2BF5-2F82-412C-B36A-6650914B5CC8}.Release|Any CPU.Build.0 = Release|Any CPU
	EndGlobalSection
	GlobalSection(SolutionProperties) = preSolution
		HideSolutionNode = FALSE
	EndGlobalSection
	GlobalSection(ExtensibilityGlobals) = postSolution
		SolutionGuid = {1BDCB7E4-EE4E-42A9-B062-D0C7741B27FF}
	EndGlobalSection
EndGlobal
